Microsoft Visual Studio Solution File, Format Version 12.00
# Visual Studio Version 17
VisualStudioVersion = 17.5.2.0
MinimumVisualStudioVersion = 10.0.40219.1
Project("{FAE04EC0-301F-11D3-BF4B-00C04F79EFBC}") = "OpenWithTool", "OpenWithTool.csproj", "{D4311B46-AD31-72FF-3661-BCC61909B58F}"
EndProject
Global
	GlobalSection(SolutionConfigurationPlatforms) = preSolution
		Debug|Any CPU = Debug|Any CPU
		Release|Any CPU = Release|Any CPU
	EndGlobalSection
	GlobalSection(ProjectConfigurationPlatforms) = postSolution
		{D4311B46-AD31-72FF-3661-BCC61909B58F}.Debug|Any CPU.ActiveCfg = Debug|Any CPU
		{D4311B46-AD31-72FF-3661-BCC61909B58F}.Debug|Any CPU.Build.0 = Debug|Any CPU
		{D4311B46-AD31-72FF-3661-BCC61909B58F}.Release|Any CPU.ActiveCfg = Release|Any CPU
		{D4311B46-AD31-72FF-3661-BCC61909B58F}.Release|Any CPU.Build.0 = Release|Any CPU
	EndGlobalSection
	GlobalSection(SolutionProperties) = preSolution
		HideSolutionNode = FALSE
	EndGlobalSection
	GlobalSection(ExtensibilityGlobals) = postSolution
		SolutionGuid = {D1D19D22-C881-4B70-AF9B-DF3E6839C969}
	EndGlobalSection
EndGlobal
